{
  "files": [
    {
      "path": "AGENTS.md",
      "sha": "db74dad71d81bf8700dee37b27c018eda2d261c98168b2e888caeb591d29d6db"
    },
    {
      "path": ".cursor/rules/00-akira-agents.mdc",
      "sha": "8d327389012f53f795464dcb446eb9fe99d072ddf23f759965881e1c83cb4c8f"
    },
    {
      "path": ".claude/CLAUDE.agents.md",
      "sha": "2c3ac69aac935b63350b2e9b30d19f1ed6ef452452f7f668fe62c5ba1751c7e1"
    }
  ],
  "generatedFrom": "repo:wello"
}
