{
    "generatedFrom":  "repo:wello",
    "files":  [
                  {
                      "sha":  "2e8a43f0721fc992cdf4eb88266c8745fed76b5f312ca22fea5f5ae686f75ba0",
                      "path":  "AGENTS.md"
                  },
                  {
                      "sha":  "21686fc55a5b17844bcf33103705d813022f658a6d151e2077b70da0c0a83d46",
                      "path":  ".claude/rules/akira-agents.md"
                  }
              ]
}
